// !$*UTF8*$!
{
	archiveVersion = 1;
	classes = {
	};
	objectVersion = 50;
	objects = {

/* Begin PBXBuildFile section */
		DB0087BE0222EF051DFF3CC3 /* Pods_Networking.framework in Frameworks */ = {isa = PBXBuildFile; fileRef = E606E707965D21FC3C8FB3B8 /* Pods_Networking.framework */; };
		F59ABE9726AEF509004190BF /* AppDelegate.swift in Sources */ = {isa = PBXBuildFile; fileRef = F59ABE9626AEF509004190BF /* AppDelegate.swift */; };
		F59ABE9926AEF509004190BF /* SceneDelegate.swift in Sources */ = {isa = PBXBuildFile; fileRef = F59ABE9826AEF509004190BF /* SceneDelegate.swift */; };
		F59ABE9E26AEF509004190BF /* Main.storyboard in Resources */ = {isa = PBXBuildFile; fileRef = F59ABE9C26AEF509004190BF /* Main.storyboard */; };
		F59ABEA026AEF50C004190BF /* Assets.xcassets in Resources */ = {isa = PBXBuildFile; fileRef = F59ABE9F26AEF50C004190BF /* Assets.xcassets */; };
		F59ABEA326AEF50C004190BF /* LaunchScreen.storyboard in Resources */ = {isa = PBXBuildFile; fileRef = F59ABEA126AEF50C004190BF /* LaunchScreen.storyboard */; };
		F5A0F61A26C7B5AD007AF2BF /* ImageViewController.swift in Sources */ = {isa = PBXBuildFile; fileRef = F5A0F61926C7B5AD007AF2BF /* ImageViewController.swift */; };
		F5A0F61E26C7B63C007AF2BF /* MainViewController.swift in Sources */ = {isa = PBXBuildFile; fileRef = F5A0F61D26C7B63C007AF2BF /* MainViewController.swift */; };
		F5A0F62126C7B751007AF2BF /* CoursesViewController.swift in Sources */ = {isa = PBXBuildFile; fileRef = F5A0F62026C7B751007AF2BF /* CoursesViewController.swift */; };
		F5A0F62C26C7C1C1007AF2BF /* CourseCell.swift in Sources */ = {isa = PBXBuildFile; fileRef = F5A0F62B26C7C1C1007AF2BF /* CourseCell.swift */; };
		F5A0F62F26C7C2E4007AF2BF /* UserActionCell.swift in Sources */ = {isa = PBXBuildFile; fileRef = F5A0F62E26C7C2E4007AF2BF /* UserActionCell.swift */; };
		F5F1230826CA4E2A00499FED /* Course.swift in Sources */ = {isa = PBXBuildFile; fileRef = F5F1230726CA4E2A00499FED /* Course.swift */; };
/* End PBXBuildFile section */

/* Begin PBXFileReference section */
		89F6C903E4585346226F8032 /* Pods-Networking.release.xcconfig */ = {isa = PBXFileReference; includeInIndex = 1; lastKnownFileType = text.xcconfig; name = "Pods-Networking.release.xcconfig"; path = "Target Support Files/Pods-Networking/Pods-Networking.release.xcconfig"; sourceTree = "<group>"; };
		B5C248FF1DDB69C1EF4EE4FF /* Pods-Networking.debug.xcconfig */ = {isa = PBXFileReference; includeInIndex = 1; lastKnownFileType = text.xcconfig; name = "Pods-Networking.debug.xcconfig"; path = "Target Support Files/Pods-Networking/Pods-Networking.debug.xcconfig"; sourceTree = "<group>"; };
		E606E707965D21FC3C8FB3B8 /* Pods_Networking.framework */ = {isa = PBXFileReference; explicitFileType = wrapper.framework; includeInIndex = 0; path = Pods_Networking.framework; sourceTree = BUILT_PRODUCTS_DIR; };
		F59ABE9326AEF509004190BF /* Networking.app */ = {isa = PBXFileReference; explicitFileType = wrapper.application; includeInIndex = 0; path = Networking.app; sourceTree = BUILT_PRODUCTS_DIR; };
		F59ABE9626AEF509004190BF /* AppDelegate.swift */ = {isa = PBXFileReference; lastKnownFileType = sourcecode.swift; path = AppDelegate.swift; sourceTree = "<group>"; };
		F59ABE9826AEF509004190BF /* SceneDelegate.swift */ = {isa = PBXFileReference; lastKnownFileType = sourcecode.swift; path = SceneDelegate.swift; sourceTree = "<group>"; };
		F59ABE9D26AEF509004190BF /* Base */ = {isa = PBXFileReference; lastKnownFileType = file.storyboard; name = Base; path = Base.lproj/Main.storyboard; sourceTree = "<group>"; };
		F59ABE9F26AEF50C004190BF /* Assets.xcassets */ = {isa = PBXFileReference; lastKnownFileType = folder.assetcatalog; path = Assets.xcassets; sourceTree = "<group>"; };
		F59ABEA226AEF50C004190BF /* Base */ = {isa = PBXFileReference; lastKnownFileType = file.storyboard; name = Base; path = Base.lproj/LaunchScreen.storyboard; sourceTree = "<group>"; };
		F59ABEA426AEF50C004190BF /* Info.plist */ = {isa = PBXFileReference; lastKnownFileType = text.plist.xml; path = Info.plist; sourceTree = "<group>"; };
		F5A0F61926C7B5AD007AF2BF /* ImageViewController.swift */ = {isa = PBXFileReference; lastKnownFileType = sourcecode.swift; path = ImageViewController.swift; sourceTree = "<group>"; };
		F5A0F61D26C7B63C007AF2BF /* MainViewController.swift */ = {isa = PBXFileReference; lastKnownFileType = sourcecode.swift; path = MainViewController.swift; sourceTree = "<group>"; };
		F5A0F62026C7B751007AF2BF /* CoursesViewController.swift */ = {isa = PBXFileReference; lastKnownFileType = sourcecode.swift; path = CoursesViewController.swift; sourceTree = "<group>"; };
		F5A0F62B26C7C1C1007AF2BF /* CourseCell.swift */ = {isa = PBXFileReference; lastKnownFileType = sourcecode.swift; path = CourseCell.swift; sourceTree = "<group>"; };
		F5A0F62E26C7C2E4007AF2BF /* UserActionCell.swift */ = {isa = PBXFileReference; lastKnownFileType = sourcecode.swift; path = UserActionCell.swift; sourceTree = "<group>"; };
		F5F1230726CA4E2A00499FED /* Course.swift */ = {isa = PBXFileReference; lastKnownFileType = sourcecode.swift; path = Course.swift; sourceTree = "<group>"; };
/* End PBXFileReference section */

/* Begin PBXFrameworksBuildPhase section */
		F59ABE9026AEF509004190BF /* Frameworks */ = {
			isa = PBXFrameworksBuildPhase;
			buildActionMask = 2147483647;
			files = (
				DB0087BE0222EF051DFF3CC3 /* Pods_Networking.framework in Frameworks */,
			);
			runOnlyForDeploymentPostprocessing = 0;
		};
/* End PBXFrameworksBuildPhase section */

/* Begin PBXGroup section */
		6E321D3EDA90E99320FA3E62 /* Frameworks */ = {
			isa = PBXGroup;
			children = (
				E606E707965D21FC3C8FB3B8 /* Pods_Networking.framework */,
			);
			name = Frameworks;
			sourceTree = "<group>";
		};
		DEF6830997529BE75D0E1791 /* Pods */ = {
			isa = PBXGroup;
			children = (
				B5C248FF1DDB69C1EF4EE4FF /* Pods-Networking.debug.xcconfig */,
				89F6C903E4585346226F8032 /* Pods-Networking.release.xcconfig */,
			);
			name = Pods;
			path = Pods;
			sourceTree = "<group>";
		};
		F59ABE8A26AEF509004190BF = {
			isa = PBXGroup;
			children = (
				F59ABE9526AEF509004190BF /* Networking */,
				F59ABE9426AEF509004190BF /* Products */,
				DEF6830997529BE75D0E1791 /* Pods */,
				6E321D3EDA90E99320FA3E62 /* Frameworks */,
			);
			sourceTree = "<group>";
		};
		F59ABE9426AEF509004190BF /* Products */ = {
			isa = PBXGroup;
			children = (
				F59ABE9326AEF509004190BF /* Networking.app */,
			);
			name = Products;
			sourceTree = "<group>";
		};
		F59ABE9526AEF509004190BF /* Networking */ = {
			isa = PBXGroup;
			children = (
				F59ABE9626AEF509004190BF /* AppDelegate.swift */,
				F59ABE9826AEF509004190BF /* SceneDelegate.swift */,
				F59ABE9C26AEF509004190BF /* Main.storyboard */,
				F5F1230726CA4E2A00499FED /* Course.swift */,
				F5A0F62E26C7C2E4007AF2BF /* UserActionCell.swift */,
				F5A0F61D26C7B63C007AF2BF /* MainViewController.swift */,
				F5A0F62026C7B751007AF2BF /* CoursesViewController.swift */,
				F5A0F62B26C7C1C1007AF2BF /* CourseCell.swift */,
				F5A0F61926C7B5AD007AF2BF /* ImageViewController.swift */,
				F59ABE9F26AEF50C004190BF /* Assets.xcassets */,
				F59ABEA126AEF50C004190BF /* LaunchScreen.storyboard */,
				F59ABEA426AEF50C004190BF /* Info.plist */,
			);
			path = Networking;
			sourceTree = "<group>";
		};
/* End PBXGroup section */

/* Begin PBXNativeTarget section */
		F59ABE9226AEF509004190BF /* Networking */ = {
			isa = PBXNativeTarget;
			buildConfigurationList = F59ABEA726AEF50C004190BF /* Build configuration list for PBXNativeTarget "Networking" */;
			buildPhases = (
				DB43073F93EF6E1009BFCC19 /* [CP] Check Pods Manifest.lock */,
				F59ABE8F26AEF509004190BF /* Sources */,
				F59ABE9026AEF509004190BF /* Frameworks */,
				F59ABE9126AEF509004190BF /* Resources */,
				C211D850605151B71337BD33 /* [CP] Embed Pods Frameworks */,
			);
			buildRules = (
			);
			dependencies = (
			);
			name = Networking;
			productName = Networking;
			productReference = F59ABE9326AEF509004190BF /* Networking.app */;
			productType = "com.apple.product-type.application";
		};
/* End PBXNativeTarget section */

/* Begin PBXProject section */
		F59ABE8B26AEF509004190BF /* Project object */ = {
			isa = PBXProject;
			attributes = {
				LastSwiftUpdateCheck = 1240;
				LastUpgradeCheck = 1240;
				TargetAttributes = {
					F59ABE9226AEF509004190BF = {
						CreatedOnToolsVersion = 12.4;
					};
				};
			};
			buildConfigurationList = F59ABE8E26AEF509004190BF /* Build configuration list for PBXProject "Networking" */;
			compatibilityVersion = "Xcode 9.3";
			developmentRegion = en;
			hasScannedForEncodings = 0;
			knownRegions = (
				en,
				Base,
			);
			mainGroup = F59ABE8A26AEF509004190BF;
			productRefGroup = F59ABE9426AEF509004190BF /* Products */;
			projectDirPath = "";
			projectRoot = "";
			targets = (
				F59ABE9226AEF509004190BF /* Networking */,
			);
		};
/* End PBXProject section */

/* Begin PBXResourcesBuildPhase section */
		F59ABE9126AEF509004190BF /* Resources */ = {
			isa = PBXResourcesBuildPhase;
			buildActionMask = 2147483647;
			files = (
				F59ABEA326AEF50C004190BF /* LaunchScreen.storyboard in Resources */,
				F59ABEA026AEF50C004190BF /* Assets.xcassets in Resources */,
				F59ABE9E26AEF509004190BF /* Main.storyboard in Resources */,
			);
			runOnlyForDeploymentPostprocessing = 0;
		};
/* End PBXResourcesBuildPhase section */

/* Begin PBXShellScriptBuildPhase section */
		C211D850605151B71337BD33 /* [CP] Embed Pods Frameworks */ = {
			isa = PBXShellScriptBuildPhase;
			buildActionMask = 2147483647;
			files = (
			);
			inputFileListPaths = (
				"${PODS_ROOT}/Target Support Files/Pods-Networking/Pods-Networking-frameworks-${CONFIGURATION}-input-files.xcfilelist",
			);
			name = "[CP] Embed Pods Frameworks";
			outputFileListPaths = (
				"${PODS_ROOT}/Target Support Files/Pods-Networking/Pods-Networking-frameworks-${CONFIGURATION}-output-files.xcfilelist",
			);
			runOnlyForDeploymentPostprocessing = 0;
			shellPath = /bin/sh;
			shellScript = "\"${PODS_ROOT}/Target Support Files/Pods-Networking/Pods-Networking-frameworks.sh\"\n";
			showEnvVarsInLog = 0;
		};
		DB43073F93EF6E1009BFCC19 /* [CP] Check Pods Manifest.lock */ = {
			isa = PBXShellScriptBuildPhase;
			buildActionMask = 2147483647;
			files = (
			);
			inputFileListPaths = (
			);
			inputPaths = (
				"${PODS_PODFILE_DIR_PATH}/Podfile.lock",
				"${PODS_ROOT}/Manifest.lock",
			);
			name = "[CP] Check Pods Manifest.lock";
			outputFileListPaths = (
			);
			outputPaths = (
				"$(DERIVED_FILE_DIR)/Pods-Networking-checkManifestLockResult.txt",
			);
			runOnlyForDeploymentPostprocessing = 0;
			shellPath = /bin/sh;
			shellScript = "diff \"${PODS_PODFILE_DIR_PATH}/Podfile.lock\" \"${PODS_ROOT}/Manifest.lock\" > /dev/null\nif [ $? != 0 ] ; then\n    # print error to STDERR\n    echo \"error: The sandbox is not in sync with the Podfile.lock. Run 'pod install' or update your CocoaPods installation.\" >&2\n    exit 1\nfi\n# This output is used by Xcode 'outputs' to avoid re-running this script phase.\necho \"SUCCESS\" > \"${SCRIPT_OUTPUT_FILE_0}\"\n";
			showEnvVarsInLog = 0;
		};
/* End PBXShellScriptBuildPhase section */

/* Begin PBXSourcesBuildPhase section */
		F59ABE8F26AEF509004190BF /* Sources */ = {
			isa = PBXSourcesBuildPhase;
			buildActionMask = 2147483647;
			files = (
				F5F1230826CA4E2A00499FED /* Course.swift in Sources */,
				F5A0F62C26C7C1C1007AF2BF /* CourseCell.swift in Sources */,
				F5A0F62F26C7C2E4007AF2BF /* UserActionCell.swift in Sources */,
				F59ABE9726AEF509004190BF /* AppDelegate.swift in Sources */,
				F5A0F61A26C7B5AD007AF2BF /* ImageViewController.swift in Sources */,
				F59ABE9926AEF509004190BF /* SceneDelegate.swift in Sources */,
				F5A0F61E26C7B63C007AF2BF /* MainViewController.swift in Sources */,
				F5A0F62126C7B751007AF2BF /* CoursesViewController.swift in Sources */,
			);
			runOnlyForDeploymentPostprocessing = 0;
		};
/* End PBXSourcesBuildPhase section */

/* Begin PBXVariantGroup section */
		F59ABE9C26AEF509004190BF /* Main.storyboard */ = {
			isa = PBXVariantGroup;
			children = (
				F59ABE9D26AEF509004190BF /* Base */,
			);
			name = Main.storyboard;
			sourceTree = "<group>";
		};
		F59ABEA126AEF50C004190BF /* LaunchScreen.storyboard */ = {
			isa = PBXVariantGroup;
			children = (
				F59ABEA226AEF50C004190BF /* Base */,
			);
			name = LaunchScreen.storyboard;
			sourceTree = "<group>";
		};
/* End PBXVariantGroup section */

/* Begin XCBuildConfiguration section */
		F59ABEA526AEF50C004190BF /* Debug */ = {
			isa = XCBuildConfiguration;
			buildSettings = {
				ALWAYS_SEARCH_USER_PATHS = NO;
				CLANG_ANALYZER_NONNULL = YES;
				CLANG_ANALYZER_NUMBER_OBJECT_CONVERSION = YES_AGGRESSIVE;
				CLANG_CXX_LANGUAGE_STANDARD = "gnu++14";
				CLANG_CXX_LIBRARY = "libc++";
				CLANG_ENABLE_MODULES = YES;
				CLANG_ENABLE_OBJC_ARC = YES;
				CLANG_ENABLE_OBJC_WEAK = YES;
				CLANG_WARN_BLOCK_CAPTURE_AUTORELEASING = YES;
				CLANG_WARN_BOOL_CONVERSION = YES;
				CLANG_WARN_COMMA = YES;
				CLANG_WARN_CONSTANT_CONVERSION = YES;
				CLANG_WARN_DEPRECATED_OBJC_IMPLEMENTATIONS = YES;
				CLANG_WARN_DIRECT_OBJC_ISA_USAGE = YES_ERROR;
				CLANG_WARN_DOCUMENTATION_COMMENTS = YES;
				CLANG_WARN_EMPTY_BODY = YES;
				CLANG_WARN_ENUM_CONVERSION = YES;
				CLANG_WARN_INFINITE_RECURSION = YES;
				CLANG_WARN_INT_CONVERSION = YES;
				CLANG_WARN_NON_LITERAL_NULL_CONVERSION = YES;
				CLANG_WARN_OBJC_IMPLICIT_RETAIN_SELF = YES;
				CLANG_WARN_OBJC_LITERAL_CONVERSION = YES;
				CLANG_WARN_OBJC_ROOT_CLASS = YES_ERROR;
				CLANG_WARN_QUOTED_INCLUDE_IN_FRAMEWORK_HEADER = YES;
				CLANG_WARN_RANGE_LOOP_ANALYSIS = YES;
				CLANG_WARN_STRICT_PROTOTYPES = YES;
				CLANG_WARN_SUSPICIOUS_MOVE = YES;
				CLANG_WARN_UNGUARDED_AVAILABILITY = YES_AGGRESSIVE;
				CLANG_WARN_UNREACHABLE_CODE = YES;
				CLANG_WARN__DUPLICATE_METHOD_MATCH = YES;
				COPY_PHASE_STRIP = NO;
				DEBUG_INFORMATION_FORMAT = dwarf;
				ENABLE_STRICT_OBJC_MSGSEND = YES;
				ENABLE_TESTABILITY = YES;
				GCC_C_LANGUAGE_STANDARD = gnu11;
				GCC_DYNAMIC_NO_PIC = NO;
				GCC_NO_COMMON_BLOCKS = YES;
				GCC_OPTIMIZATION_LEVEL = 0;
				GCC_PREPROCESSOR_DEFINITIONS = (
					"DEBUG=1",
					"$(inherited)",
				);
				GCC_WARN_64_TO_32_BIT_CONVERSION = YES;
				GCC_WARN_ABOUT_RETURN_TYPE = YES_ERROR;
				GCC_WARN_UNDECLARED_SELECTOR = YES;
				GCC_WARN_UNINITIALIZED_AUTOS = YES_AGGRESSIVE;
				GCC_WARN_UNUSED_FUNCTION = YES;
				GCC_WARN_UNUSED_VARIABLE = YES;
				IPHONEOS_DEPLOYMENT_TARGET = 14.4;
				MTL_ENABLE_DEBUG_INFO = INCLUDE_SOURCE;
				MTL_FAST_MATH = YES;
				ONLY_ACTIVE_ARCH = YES;
				SDKROOT = iphoneos;
				SWIFT_ACTIVE_COMPILATION_CONDITIONS = DEBUG;
				SWIFT_OPTIMIZATION_LEVEL = "-Onone";
			};
			name = Debug;
		};
		F59ABEA626AEF50C004190BF /* Release */ = {
			isa = XCBuildConfiguration;
			buildSettings = {
				ALWAYS_SEARCH_USER_PATHS = NO;
				CLANG_ANALYZER_NONNULL = YES;
				CLANG_ANALYZER_NUMBER_OBJECT_CONVERSION = YES_AGGRESSIVE;
				CLANG_CXX_LANGUAGE_STANDARD = "gnu++14";
				CLANG_CXX_LIBRARY = "libc++";
				CLANG_ENABLE_MODULES = YES;
				CLANG_ENABLE_OBJC_ARC = YES;
				CLANG_ENABLE_OBJC_WEAK = YES;
				CLANG_WARN_BLOCK_CAPTURE_AUTORELEASING = YES;
				CLANG_WARN_BOOL_CONVERSION = YES;
				CLANG_WARN_COMMA = YES;
				CLANG_WARN_CONSTANT_CONVERSION = YES;
				CLANG_WARN_DEPRECATED_OBJC_IMPLEMENTATIONS = YES;
				CLANG_WARN_DIRECT_OBJC_ISA_USAGE = YES_ERROR;
				CLANG_WARN_DOCUMENTATION_COMMENTS = YES;
				CLANG_WARN_EMPTY_BODY = YES;
				CLANG_WARN_ENUM_CONVERSION = YES;
				CLANG_WARN_INFINITE_RECURSION = YES;
				CLANG_WARN_INT_CONVERSION = YES;
				CLANG_WARN_NON_LITERAL_NULL_CONVERSION = YES;
				CLANG_WARN_OBJC_IMPLICIT_RETAIN_SELF = YES;
				CLANG_WARN_OBJC_LITERAL_CONVERSION = YES;
				CLANG_WARN_OBJC_ROOT_CLASS = YES_ERROR;
				CLANG_WARN_QUOTED_INCLUDE_IN_FRAMEWORK_HEADER = YES;
				CLANG_WARN_RANGE_LOOP_ANALYSIS = YES;
				CLANG_WARN_STRICT_PROTOTYPES = YES;
				CLANG_WARN_SUSPICIOUS_MOVE = YES;
				CLANG_WARN_UNGUARDED_AVAILABILITY = YES_AGGRESSIVE;
				CLANG_WARN_UNREACHABLE_CODE = YES;
				CLANG_WARN__DUPLICATE_METHOD_MATCH = YES;
				COPY_PHASE_STRIP = NO;
				DEBUG_INFORMATION_FORMAT = "dwarf-with-dsym";
				ENABLE_NS_ASSERTIONS = NO;
				ENABLE_STRICT_OBJC_MSGSEND = YES;
				GCC_C_LANGUAGE_STANDARD = gnu11;
				GCC_NO_COMMON_BLOCKS = YES;
				GCC_WARN_64_TO_32_BIT_CONVERSION = YES;
				GCC_WARN_ABOUT_RETURN_TYPE = YES_ERROR;
				GCC_WARN_UNDECLARED_SELECTOR = YES;
				GCC_WARN_UNINITIALIZED_AUTOS = YES_AGGRESSIVE;
				GCC_WARN_UNUSED_FUNCTION = YES;
				GCC_WARN_UNUSED_VARIABLE = YES;
				IPHONEOS_DEPLOYMENT_TARGET = 14.4;
				MTL_ENABLE_DEBUG_INFO = NO;
				MTL_FAST_MATH = YES;
				SDKROOT = iphoneos;
				SWIFT_COMPILATION_MODE = wholemodule;
				SWIFT_OPTIMIZATION_LEVEL = "-O";
				VALIDATE_PRODUCT = YES;
			};
			name = Release;
		};
		F59ABEA826AEF50C004190BF /* Debug */ = {
			isa = XCBuildConfiguration;
			baseConfigurationReference = B5C248FF1DDB69C1EF4EE4FF /* Pods-Networking.debug.xcconfig */;
			buildSettings = {
				ASSETCATALOG_COMPILER_APPICON_NAME = AppIcon;
				ASSETCATALOG_COMPILER_GLOBAL_ACCENT_COLOR_NAME = AccentColor;
				CODE_SIGN_STYLE = Automatic;
				DEVELOPMENT_TEAM = 2MWMY8N7DT;
				INFOPLIST_FILE = Networking/Info.plist;
				IPHONEOS_DEPLOYMENT_TARGET = 14.4;
				LD_RUNPATH_SEARCH_PATHS = (
					"$(inherited)",
					"@executable_path/Frameworks",
				);
				PRODUCT_BUNDLE_IDENTIFIER = com.vzinevich.Networking;
				PRODUCT_NAME = "$(TARGET_NAME)";
				SWIFT_VERSION = 5.0;
				TARGETED_DEVICE_FAMILY = "1,2";
			};
			name = Debug;
		};
		F59ABEA926AEF50C004190BF /* Release */ = {
			isa = XCBuildConfiguration;
			baseConfigurationReference = 89F6C903E4585346226F8032 /* Pods-Networking.release.xcconfig */;
			buildSettings = {
				ASSETCATALOG_COMPILER_APPICON_NAME = AppIcon;
				ASSETCATALOG_COMPILER_GLOBAL_ACCENT_COLOR_NAME = AccentColor;
				CODE_SIGN_STYLE = Automatic;
				DEVELOPMENT_TEAM = 2MWMY8N7DT;
				INFOPLIST_FILE = Networking/Info.plist;
				IPHONEOS_DEPLOYMENT_TARGET = 14.4;
				LD_RUNPATH_SEARCH_PATHS = (
					"$(inherited)",
					"@executable_path/Frameworks",
				);
				PRODUCT_BUNDLE_IDENTIFIER = com.vzinevich.Networking;
				PRODUCT_NAME = "$(TARGET_NAME)";
				SWIFT_VERSION = 5.0;
				TARGETED_DEVICE_FAMILY = "1,2";
			};
			name = Release;
		};
/* End XCBuildConfiguration section */

/* Begin XCConfigurationList section */
		F59ABE8E26AEF509004190BF /* Build configuration list for PBXProject "Networking" */ = {
			isa = XCConfigurationList;
			buildConfigurations = (
				F59ABEA526AEF50C004190BF /* Debug */,
				F59ABEA626AEF50C004190BF /* Release */,
			);
			defaultConfigurationIsVisible = 0;
			defaultConfigurationName = Release;
		};
		F59ABEA726AEF50C004190BF /* Build configuration list for PBXNativeTarget "Networking" */ = {
			isa = XCConfigurationList;
			buildConfigurations = (
				F59ABEA826AEF50C004190BF /* Debug */,
				F59ABEA926AEF50C004190BF /* Release */,
			);
			defaultConfigurationIsVisible = 0;
			defaultConfigurationName = Release;
		};
/* End XCConfigurationList section */
	};
	rootObject = F59ABE8B26AEF509004190BF /* Project object */;
}
